
Microsoft Visual Studio Solution File, Format Version 12.00
# Visual Studio Version 16
VisualStudioVersion = 16.0.31624.102
MinimumVisualStudioVersion = 10.0.40219.1
Project("{FAE04EC0-301F-11D3-BF4B-00C04F79EFBC}") = "UT1_GiveRaise", "UT1_GiveRaise.csproj", "{A4BFCCA2-F775-4BAD-A308-FEDB0B618DD5}"
EndProject
Global
	GlobalSection(SolutionConfigurationPlatforms) = preSolution
		Debug|Any CPU = Debug|Any CPU
		Release|Any CPU = Release|Any CPU
	EndGlobalSection
	GlobalSection(ProjectConfigurationPlatforms) = postSolution
		{A4BFCCA2-F775-4BAD-A308-FEDB0B618DD5}.Debug|Any CPU.ActiveCfg = Debug|Any CPU
		{A4BFCCA2-F775-4BAD-A308-FEDB0B618DD5}.Debug|Any CPU.Build.0 = Debug|Any CPU
		{A4BFCCA2-F775-4BAD-A308-FEDB0B618DD5}.Release|Any CPU.ActiveCfg = Release|Any CPU
		{A4BFCCA2-F775-4BAD-A308-FEDB0B618DD5}.Release|Any CPU.Build.0 = Release|Any CPU
	EndGlobalSection
	GlobalSection(SolutionProperties) = preSolution
		HideSolutionNode = FALSE
	EndGlobalSection
	GlobalSection(ExtensibilityGlobals) = postSolution
		SolutionGuid = {641A4744-2D81-4FA6-B383-85DDF73FA4CF}
	EndGlobalSection
EndGlobal
