
Microsoft Visual Studio Solution File, Format Version 12.00
# Visual Studio Version 16
VisualStudioVersion = 16.0.31829.152
MinimumVisualStudioVersion = 10.0.40219.1
Project("{FAE04EC0-301F-11D3-BF4B-00C04F79EFBC}") = "FE_StringCountingOptimization", "FE_StringCountingOptimization.csproj", "{2D6EFC19-B98D-43D4-ABD1-847A350789FA}"
EndProject
Global
	GlobalSection(SolutionConfigurationPlatforms) = preSolution
		Debug|Any CPU = Debug|Any CPU
		Release|Any CPU = Release|Any CPU
	EndGlobalSection
	GlobalSection(ProjectConfigurationPlatforms) = postSolution
		{2D6EFC19-B98D-43D4-ABD1-847A350789FA}.Debug|Any CPU.ActiveCfg = Debug|Any CPU
		{2D6EFC19-B98D-43D4-ABD1-847A350789FA}.Debug|Any CPU.Build.0 = Debug|Any CPU
		{2D6EFC19-B98D-43D4-ABD1-847A350789FA}.Release|Any CPU.ActiveCfg = Release|Any CPU
		{2D6EFC19-B98D-43D4-ABD1-847A350789FA}.Release|Any CPU.Build.0 = Release|Any CPU
	EndGlobalSection
	GlobalSection(SolutionProperties) = preSolution
		HideSolutionNode = FALSE
	EndGlobalSection
	GlobalSection(ExtensibilityGlobals) = postSolution
		SolutionGuid = {0A2491C8-E167-4F57-BCF9-758CEC257DCC}
	EndGlobalSection
EndGlobal
