
Microsoft Visual Studio Solution File, Format Version 12.00
# Visual Studio Version 16
VisualStudioVersion = 16.0.31624.102
MinimumVisualStudioVersion = 10.0.40219.1
Project("{FAE04EC0-301F-11D3-BF4B-00C04F79EFBC}") = "Ramnarine_HelloWorld", "Ramnarine_HelloWorld.csproj", "{F34A75E4-04D6-4A41-93A1-00E9CB63EC11}"
EndProject
Global
	GlobalSection(SolutionConfigurationPlatforms) = preSolution
		Debug|Any CPU = Debug|Any CPU
		Release|Any CPU = Release|Any CPU
	EndGlobalSection
	GlobalSection(ProjectConfigurationPlatforms) = postSolution
		{F34A75E4-04D6-4A41-93A1-00E9CB63EC11}.Debug|Any CPU.ActiveCfg = Debug|Any CPU
		{F34A75E4-04D6-4A41-93A1-00E9CB63EC11}.Debug|Any CPU.Build.0 = Debug|Any CPU
		{F34A75E4-04D6-4A41-93A1-00E9CB63EC11}.Release|Any CPU.ActiveCfg = Release|Any CPU
		{F34A75E4-04D6-4A41-93A1-00E9CB63EC11}.Release|Any CPU.Build.0 = Release|Any CPU
	EndGlobalSection
	GlobalSection(SolutionProperties) = preSolution
		HideSolutionNode = FALSE
	EndGlobalSection
	GlobalSection(ExtensibilityGlobals) = postSolution
		SolutionGuid = {2316E352-C94F-40A4-AEEB-C6898BB1796C}
	EndGlobalSection
EndGlobal
