
Microsoft Visual Studio Solution File, Format Version 12.00
# Visual Studio Version 16
VisualStudioVersion = 16.0.31624.102
MinimumVisualStudioVersion = 10.0.40219.1
Project("{FAE04EC0-301F-11D3-BF4B-00C04F79EFBC}") = "UT2_Friend", "UT2_Friend.csproj", "{1CEFE291-0008-410D-ADA7-B64ECB0A272D}"
EndProject
Global
	GlobalSection(SolutionConfigurationPlatforms) = preSolution
		Debug|Any CPU = Debug|Any CPU
		Release|Any CPU = Release|Any CPU
	EndGlobalSection
	GlobalSection(ProjectConfigurationPlatforms) = postSolution
		{1CEFE291-0008-410D-ADA7-B64ECB0A272D}.Debug|Any CPU.ActiveCfg = Debug|Any CPU
		{1CEFE291-0008-410D-ADA7-B64ECB0A272D}.Debug|Any CPU.Build.0 = Debug|Any CPU
		{1CEFE291-0008-410D-ADA7-B64ECB0A272D}.Release|Any CPU.ActiveCfg = Release|Any CPU
		{1CEFE291-0008-410D-ADA7-B64ECB0A272D}.Release|Any CPU.Build.0 = Release|Any CPU
	EndGlobalSection
	GlobalSection(SolutionProperties) = preSolution
		HideSolutionNode = FALSE
	EndGlobalSection
	GlobalSection(ExtensibilityGlobals) = postSolution
		SolutionGuid = {8FAB8E80-81EE-4804-B4E0-2AD0AB811BE1}
	EndGlobalSection
EndGlobal
