
Microsoft Visual Studio Solution File, Format Version 12.00
# Visual Studio Version 16
VisualStudioVersion = 16.0.31829.152
MinimumVisualStudioVersion = 10.0.40219.1
Project("{FAE04EC0-301F-11D3-BF4B-00C04F79EFBC}") = "UT3_MagicSquare", "UT3_MagicSquare.csproj", "{047E3ED3-780D-4A5B-92FE-228DBDBA0795}"
EndProject
Global
	GlobalSection(SolutionConfigurationPlatforms) = preSolution
		Debug|Any CPU = Debug|Any CPU
		Release|Any CPU = Release|Any CPU
	EndGlobalSection
	GlobalSection(ProjectConfigurationPlatforms) = postSolution
		{047E3ED3-780D-4A5B-92FE-228DBDBA0795}.Debug|Any CPU.ActiveCfg = Debug|Any CPU
		{047E3ED3-780D-4A5B-92FE-228DBDBA0795}.Debug|Any CPU.Build.0 = Debug|Any CPU
		{047E3ED3-780D-4A5B-92FE-228DBDBA0795}.Release|Any CPU.ActiveCfg = Release|Any CPU
		{047E3ED3-780D-4A5B-92FE-228DBDBA0795}.Release|Any CPU.Build.0 = Release|Any CPU
	EndGlobalSection
	GlobalSection(SolutionProperties) = preSolution
		HideSolutionNode = FALSE
	EndGlobalSection
	GlobalSection(ExtensibilityGlobals) = postSolution
		SolutionGuid = {BB480045-CF27-4221-8363-33B5462CAC9F}
	EndGlobalSection
EndGlobal
