
Microsoft Visual Studio Solution File, Format Version 12.00
# Visual Studio Version 16
VisualStudioVersion = 16.0.31624.102
MinimumVisualStudioVersion = 10.0.40219.1
Project("{FAE04EC0-301F-11D3-BF4B-00C04F79EFBC}") = "UT2_TardisOrPhoneBooth", "UT2_TardisOrPhoneBooth.csproj", "{6DE1EBF0-BADE-460B-B172-A9CC9EB4C3D4}"
EndProject
Global
	GlobalSection(SolutionConfigurationPlatforms) = preSolution
		Debug|Any CPU = Debug|Any CPU
		Release|Any CPU = Release|Any CPU
	EndGlobalSection
	GlobalSection(ProjectConfigurationPlatforms) = postSolution
		{6DE1EBF0-BADE-460B-B172-A9CC9EB4C3D4}.Debug|Any CPU.ActiveCfg = Debug|Any CPU
		{6DE1EBF0-BADE-460B-B172-A9CC9EB4C3D4}.Debug|Any CPU.Build.0 = Debug|Any CPU
		{6DE1EBF0-BADE-460B-B172-A9CC9EB4C3D4}.Release|Any CPU.ActiveCfg = Release|Any CPU
		{6DE1EBF0-BADE-460B-B172-A9CC9EB4C3D4}.Release|Any CPU.Build.0 = Release|Any CPU
	EndGlobalSection
	GlobalSection(SolutionProperties) = preSolution
		HideSolutionNode = FALSE
	EndGlobalSection
	GlobalSection(ExtensibilityGlobals) = postSolution
		SolutionGuid = {668EF48E-93DA-4D9A-BB57-58BD9DD1E2E6}
	EndGlobalSection
EndGlobal
