
Microsoft Visual Studio Solution File, Format Version 12.00
# Visual Studio Version 16
VisualStudioVersion = 16.0.31829.152
MinimumVisualStudioVersion = 10.0.40219.1
Project("{FAE04EC0-301F-11D3-BF4B-00C04F79EFBC}") = "FE_DontDieRedux", "FE_DontDieRedux.csproj", "{6BB81479-3835-435B-9839-F2EFFF28A81E}"
EndProject
Global
	GlobalSection(SolutionConfigurationPlatforms) = preSolution
		Debug|Any CPU = Debug|Any CPU
		Release|Any CPU = Release|Any CPU
	EndGlobalSection
	GlobalSection(ProjectConfigurationPlatforms) = postSolution
		{6BB81479-3835-435B-9839-F2EFFF28A81E}.Debug|Any CPU.ActiveCfg = Debug|Any CPU
		{6BB81479-3835-435B-9839-F2EFFF28A81E}.Debug|Any CPU.Build.0 = Debug|Any CPU
		{6BB81479-3835-435B-9839-F2EFFF28A81E}.Release|Any CPU.ActiveCfg = Release|Any CPU
		{6BB81479-3835-435B-9839-F2EFFF28A81E}.Release|Any CPU.Build.0 = Release|Any CPU
	EndGlobalSection
	GlobalSection(SolutionProperties) = preSolution
		HideSolutionNode = FALSE
	EndGlobalSection
	GlobalSection(ExtensibilityGlobals) = postSolution
		SolutionGuid = {D4E97CB1-1644-4040-962C-4C2B904B2BC3}
	EndGlobalSection
EndGlobal
