
Microsoft Visual Studio Solution File, Format Version 12.00
# Visual Studio Version 16
VisualStudioVersion = 16.0.31624.102
MinimumVisualStudioVersion = 10.0.40219.1
Project("{FAE04EC0-301F-11D3-BF4B-00C04F79EFBC}") = "SquashTheBugs", "SquashTheBugs.csproj", "{6A782BF4-D638-4350-A8CA-DC3AF581A3C3}"
EndProject
Global
	GlobalSection(SolutionConfigurationPlatforms) = preSolution
		Debug|Any CPU = Debug|Any CPU
		Release|Any CPU = Release|Any CPU
	EndGlobalSection
	GlobalSection(ProjectConfigurationPlatforms) = postSolution
		{6A782BF4-D638-4350-A8CA-DC3AF581A3C3}.Debug|Any CPU.ActiveCfg = Debug|Any CPU
		{6A782BF4-D638-4350-A8CA-DC3AF581A3C3}.Debug|Any CPU.Build.0 = Debug|Any CPU
		{6A782BF4-D638-4350-A8CA-DC3AF581A3C3}.Release|Any CPU.ActiveCfg = Release|Any CPU
		{6A782BF4-D638-4350-A8CA-DC3AF581A3C3}.Release|Any CPU.Build.0 = Release|Any CPU
	EndGlobalSection
	GlobalSection(SolutionProperties) = preSolution
		HideSolutionNode = FALSE
	EndGlobalSection
	GlobalSection(ExtensibilityGlobals) = postSolution
		SolutionGuid = {65A00FD4-24FB-4616-81A7-CC2D646A931D}
	EndGlobalSection
EndGlobal
