
Microsoft Visual Studio Solution File, Format Version 12.00
# Visual Studio Version 16
VisualStudioVersion = 16.0.31624.102
MinimumVisualStudioVersion = 10.0.40219.1
Project("{FAE04EC0-301F-11D3-BF4B-00C04F79EFBC}") = "NoGreaterThan10_PE4_2", "NoGreaterThan10_PE4_2.csproj", "{2B815FEC-F97C-4575-AB48-3172DDC79BBE}"
EndProject
Global
	GlobalSection(SolutionConfigurationPlatforms) = preSolution
		Debug|Any CPU = Debug|Any CPU
		Release|Any CPU = Release|Any CPU
	EndGlobalSection
	GlobalSection(ProjectConfigurationPlatforms) = postSolution
		{2B815FEC-F97C-4575-AB48-3172DDC79BBE}.Debug|Any CPU.ActiveCfg = Debug|Any CPU
		{2B815FEC-F97C-4575-AB48-3172DDC79BBE}.Debug|Any CPU.Build.0 = Debug|Any CPU
		{2B815FEC-F97C-4575-AB48-3172DDC79BBE}.Release|Any CPU.ActiveCfg = Release|Any CPU
		{2B815FEC-F97C-4575-AB48-3172DDC79BBE}.Release|Any CPU.Build.0 = Release|Any CPU
	EndGlobalSection
	GlobalSection(SolutionProperties) = preSolution
		HideSolutionNode = FALSE
	EndGlobalSection
	GlobalSection(ExtensibilityGlobals) = postSolution
		SolutionGuid = {1F779AF7-0F8B-49A9-BE25-21AF4C9E9808}
	EndGlobalSection
EndGlobal
